lockfileVersion: '6.0'

devDependencies:
  '@types/chrome':
    specifier: ^0.0.235
    version: 0.0.235

packages:

  /@types/chrome@0.0.235:
    resolution: {integrity: sha512-SPj9A4E35SBJICjnL04KZEA/eVr8Km7gbnEfAxzaU2fHpLSnN64OPnfOR3EpDJXXpSORKTn3OUDwugw+rYBBXA==}
    dependencies:
      '@types/filesystem': 0.0.32
      '@types/har-format': 1.2.10
    dev: true

  /@types/filesystem@0.0.32:
    resolution: {integrity: sha512-Yuf4jR5YYMR2DVgwuCiP11s0xuVRyPKmz8vo6HBY3CGdeMj8af93CFZX+T82+VD1+UqHOxTq31lO7MI7lepBtQ==}
    dependencies:
      '@types/filewriter': 0.0.29
    dev: true

  /@types/filewriter@0.0.29:
    resolution: {integrity: sha512-BsPXH/irW0ht0Ji6iw/jJaK8Lj3FJemon2gvEqHKpCdDCeemHa+rI3WBGq5z7cDMZgoLjY40oninGxqk+8NzNQ==}
    dev: true

  /@types/har-format@1.2.10:
    resolution: {integrity: sha512-o0J30wqycjF5miWDKYKKzzOU1ZTLuA42HZ4HE7/zqTOc/jTLdQ5NhYWvsRQo45Nfi1KHoRdNhteSI4BAxTF1Pg==}
    dev: true
